github.com/google/go-cmp v0.5.5 h1:Khx7svrCpmxxtHBq5j2mp/xVjsi8hQMfNLvJFAlrGgU=
github.com/google/go-cmp v0.5.5/go.mod h1:v8dTdLbMG2kIc/vJvl+f65V22dbkXbowE6jgT/gNBxE=
github.com/google/uuid v1.6.0 h1:NIvaJDMOsjHA8n1jAhLSgzrAzy1Hgr+hNrb57e+94F0=
github.com/google/uuid v1.6.0/go.mod h1:TIyPZe4MgqvfeYDBFedMoGGpEw/LqOeaOT+nhxU+yHo=
github.com/saichler/layer8/go v0.0.0-20250401005439-8e6031070e15 h1:k2Uv0BDxgy0VJyLDVt2EO6hg7YwhOqBD3oJ+aHF17ak=
github.com/saichler/layer8/go v0.0.0-20250401005439-8e6031070e15/go.mod h1:pOtN18S21ichnUcUv0KDxI0K5HTf+2DVGdKAaCSK6fI=
github.com/saichler/reflect/go v0.0.0-20250331164246-d7b9b678fa7d h1:/QpjdLxfT49nprW15z2DuiONnTPl5EAsQF3Y0qHxaq8=
github.com/saichler/reflect/go v0.0.0-20250331164246-d7b9b678fa7d/go.mod h1:LY22HpuV6A5xlQGng2rLv5e5U3zFuc34cukufLqCjNc=
github.com/saichler/serializer/go v0.0.0-20250401005026-5a030df2a5b0 h1:j95mkLJbGorDmBwVx+J2GktDQpHwL1/3C3rOgo78VPo=
github.com/saichler/serializer/go v0.0.0-20250401005026-5a030df2a5b0/go.mod h1:86PbYJgp2pI7OQJlL52q3AXjw5YHd0xXL3AP29bwdnE=
github.com/saichler/servicepoints/go v0.0.0-20250401005510-817e201da865 h1:IXyDqlp3ttqoi5brqU6RvevBx9K+1WicngSXkiIyfEU=
github.com/saichler/servicepoints/go v0.0.0-20250401005510-817e201da865/go.mod h1:8MSBBNUhZfLeLoMuzG653ndekY8qY6YUug/XV20wdN8=
github.com/saichler/shared/go v0.0.0-20250401001154-c1e50505e5c3 h1:i3ccRNTn0olhBNqu6lwhodbW2mgGMMfliZwRcVvzXhw=
github.com/saichler/shared/go v0.0.0-20250401001154-c1e50505e5c3/go.mod h1:QeZESII+2u8waw/JTftJm0l56VWjPgDOyOLaTF6wg9Q=
github.com/saichler/types/go v0.0.0-20250401004724-ceaf6fa9f9d0 h1:JtSdnY0nG/vCIMMhInBEceD+4k7qAXy3MakwmxJ2L0s=
github.com/saichler/types/go v0.0.0-20250401004724-ceaf6fa9f9d0/go.mod h1:VXMfoEKBR24gtmrpXM8fbOoleMax4m6ppGfitba9BjA=
golang.org/x/xerrors v0.0.0-20191204190536-9bdfabe68543 h1:E7g+9GITq07hpfrRu66IVDexMakfv52eLZ2CXBWiKr4=
golang.org/x/xerrors v0.0.0-20191204190536-9bdfabe68543/go.mod h1:I/5z698sn9Ka8TeJc9MKroUUfqBBauWjQqLJ2OPfmY0=
google.golang.org/protobuf v1.36.6 h1:z1NpPI8ku2WgiWnf+t9wTPsn6eP1L7ksHUlkfLvd9xY=
google.golang.org/protobuf v1.36.6/go.mod h1:jduwjTPXsFjZGTmRluh+L6NjiWu7pchiJ2/5YcXBHnY=
