github.com/google/go-cmp v0.5.5 h1:Khx7svrCpmxxtHBq5j2mp/xVjsi8hQMfNLvJFAlrGgU=
github.com/google/go-cmp v0.5.5/go.mod h1:v8dTdLbMG2kIc/vJvl+f65V22dbkXbowE6jgT/gNBxE=
github.com/google/uuid v1.6.0 h1:NIvaJDMOsjHA8n1jAhLSgzrAzy1Hgr+hNrb57e+94F0=
github.com/google/uuid v1.6.0/go.mod h1:TIyPZe4MgqvfeYDBFedMoGGpEw/LqOeaOT+nhxU+yHo=
github.com/saichler/layer8/go v0.0.0-20250327033934-833fb5bcaaa8 h1:4EsvgOELh/NmWn7Q0PO22uvoERV9sVb2XGEpKh+oStc=
github.com/saichler/layer8/go v0.0.0-20250327033934-833fb5bcaaa8/go.mod h1:mO7n0JKtS7dJPzDF1Co7SBZUyp0GEpDRTrf5BsXdbRM=
github.com/saichler/reflect/go v0.0.0-20250326150136-4992ad9ca4ec h1:LLHv5qjirqw7uWS/YEeN2wqKgDiX/fl5yfHvjT2en7M=
github.com/saichler/reflect/go v0.0.0-20250326150136-4992ad9ca4ec/go.mod h1:KX2tf/lD3b5s+DZmlBtwNxyv53D14ZifXACf/Jna/0Q=
github.com/saichler/serializer/go v0.0.0-20250327032637-39375e46769b h1:R/x0nG7yKy22HX37FFXmU1FOBzSf8JEzas/bOlBEuPI=
github.com/saichler/serializer/go v0.0.0-20250327032637-39375e46769b/go.mod h1:B1wZCSc9w6RkNm2jot03A3yhehzGzk6eZ6EuHAc2nOw=
github.com/saichler/servicepoints/go v0.0.0-20250327033750-5280ae73a723 h1:IZmnzkOexBkL1kd5tF/xtF84wDrMsM9ZLRimukVjZ1E=
github.com/saichler/servicepoints/go v0.0.0-20250327033750-5280ae73a723/go.mod h1:3Hj/8wB/ThlQ1A9vSnqLW1s2VMuJPdXK59TCAq2r3Hc=
github.com/saichler/shared/go v0.0.0-20250325020725-e996ba087e15 h1:NuKVr+4BYNBoX5dEJJaxBtny0bMKv7QF17Yzn87xILI=
github.com/saichler/shared/go v0.0.0-20250325020725-e996ba087e15/go.mod h1:+uTqwscnzORjoz5L1uJsswFF0tj1zwO3KzmBXbWkz6k=
github.com/saichler/types/go v0.0.0-20250327032605-b8ca180148e4 h1:HcY3sajlL9zghzZ/n2o0V33Jz4ieLWjT/6q4DM54ODE=
github.com/saichler/types/go v0.0.0-20250327032605-b8ca180148e4/go.mod h1:VXMfoEKBR24gtmrpXM8fbOoleMax4m6ppGfitba9BjA=
golang.org/x/xerrors v0.0.0-20191204190536-9bdfabe68543 h1:E7g+9GITq07hpfrRu66IVDexMakfv52eLZ2CXBWiKr4=
golang.org/x/xerrors v0.0.0-20191204190536-9bdfabe68543/go.mod h1:I/5z698sn9Ka8TeJc9MKroUUfqBBauWjQqLJ2OPfmY0=
google.golang.org/protobuf v1.36.6 h1:z1NpPI8ku2WgiWnf+t9wTPsn6eP1L7ksHUlkfLvd9xY=
google.golang.org/protobuf v1.36.6/go.mod h1:jduwjTPXsFjZGTmRluh+L6NjiWu7pchiJ2/5YcXBHnY=
