github.com/google/go-cmp v0.5.5 h1:Khx7svrCpmxxtHBq5j2mp/xVjsi8hQMfNLvJFAlrGgU=
github.com/google/go-cmp v0.5.5/go.mod h1:v8dTdLbMG2kIc/vJvl+f65V22dbkXbowE6jgT/gNBxE=
github.com/google/uuid v1.6.0 h1:NIvaJDMOsjHA8n1jAhLSgzrAzy1Hgr+hNrb57e+94F0=
github.com/google/uuid v1.6.0/go.mod h1:TIyPZe4MgqvfeYDBFedMoGGpEw/LqOeaOT+nhxU+yHo=
github.com/saichler/layer8/go v0.0.0-20250327030715-38d20e9c46b8 h1:1XT5vR/6xpgagZCsWNJFioc+CyPLMGW+4LNqyFkZSwA=
github.com/saichler/layer8/go v0.0.0-20250327030715-38d20e9c46b8/go.mod h1:svgXQBjcgKr4C5XKflt5ukm1fyHwdfa1dexH55NFC1I=
github.com/saichler/reflect/go v0.0.0-20250326150136-4992ad9ca4ec h1:LLHv5qjirqw7uWS/YEeN2wqKgDiX/fl5yfHvjT2en7M=
github.com/saichler/reflect/go v0.0.0-20250326150136-4992ad9ca4ec/go.mod h1:KX2tf/lD3b5s+DZmlBtwNxyv53D14ZifXACf/Jna/0Q=
github.com/saichler/serializer/go v0.0.0-20250327024121-533835865dc2 h1:uZD6YecXgZPwnp0OpFvipDAgTO9GExEiTjns1yut8ys=
github.com/saichler/serializer/go v0.0.0-20250327024121-533835865dc2/go.mod h1:B1wZCSc9w6RkNm2jot03A3yhehzGzk6eZ6EuHAc2nOw=
github.com/saichler/servicepoints/go v0.0.0-20250327031439-697355c5aa0f h1:/uL2fA7QG0Sg6/OaWjSslGUVOQGPMQ0Ed2Xr/d1au0w=
github.com/saichler/servicepoints/go v0.0.0-20250327031439-697355c5aa0f/go.mod h1:bQeTJm3cVarms2Nt3otQRgKOMNul/Rjju/f1wGMwcgI=
github.com/saichler/shared/go v0.0.0-20250325020725-e996ba087e15 h1:NuKVr+4BYNBoX5dEJJaxBtny0bMKv7QF17Yzn87xILI=
github.com/saichler/shared/go v0.0.0-20250325020725-e996ba087e15/go.mod h1:+uTqwscnzORjoz5L1uJsswFF0tj1zwO3KzmBXbWkz6k=
github.com/saichler/types/go v0.0.0-20250327023858-5ddcd8fd87f1 h1:xV/R7ebEFcc4LoADmZ7/lg0ea78g+DTwffQcZBt3IJk=
github.com/saichler/types/go v0.0.0-20250327023858-5ddcd8fd87f1/go.mod h1:VXMfoEKBR24gtmrpXM8fbOoleMax4m6ppGfitba9BjA=
golang.org/x/xerrors v0.0.0-20191204190536-9bdfabe68543 h1:E7g+9GITq07hpfrRu66IVDexMakfv52eLZ2CXBWiKr4=
golang.org/x/xerrors v0.0.0-20191204190536-9bdfabe68543/go.mod h1:I/5z698sn9Ka8TeJc9MKroUUfqBBauWjQqLJ2OPfmY0=
google.golang.org/protobuf v1.36.6 h1:z1NpPI8ku2WgiWnf+t9wTPsn6eP1L7ksHUlkfLvd9xY=
google.golang.org/protobuf v1.36.6/go.mod h1:jduwjTPXsFjZGTmRluh+L6NjiWu7pchiJ2/5YcXBHnY=
